// !$*UTF8*$!
{
	archiveVersion = 1;
	classes = {
	};
	objectVersion = 55;
	objects = {

/* Begin PBXBuildFile section */
		2709C9EF27108A05007501DF /* AppDelegate.swift in Sources */ = {isa = PBXBuildFile; fileRef = 2709C9EE27108A05007501DF /* AppDelegate.swift */; };
		2709C9F127108A05007501DF /* SceneDelegate.swift in Sources */ = {isa = PBXBuildFile; fileRef = 2709C9F027108A05007501DF /* SceneDelegate.swift */; };
		2709C9F327108A05007501DF /* ViewController.swift in Sources */ = {isa = PBXBuildFile; fileRef = 2709C9F227108A05007501DF /* ViewController.swift */; };
		2709C9F627108A05007501DF /* Main.storyboard in Resources */ = {isa = PBXBuildFile; fileRef = 2709C9F427108A05007501DF /* Main.storyboard */; };
		2709C9F827108A0A007501DF /* Assets.xcassets in Resources */ = {isa = PBXBuildFile; fileRef = 2709C9F727108A0A007501DF /* Assets.xcassets */; };
		2709C9FB27108A0A007501DF /* LaunchScreen.storyboard in Resources */ = {isa = PBXBuildFile; fileRef = 2709C9F927108A0A007501DF /* LaunchScreen.storyboard */; };
		2709CA0627108A0B007501DF /* CakeAppTests.swift in Sources */ = {isa = PBXBuildFile; fileRef = 2709CA0527108A0B007501DF /* CakeAppTests.swift */; };
		2709CA1027108A0B007501DF /* CakeAppUITests.swift in Sources */ = {isa = PBXBuildFile; fileRef = 2709CA0F27108A0B007501DF /* CakeAppUITests.swift */; };
		2709CA2027108B2B007501DF /* Service.swift in Sources */ = {isa = PBXBuildFile; fileRef = 2709CA1F27108B2B007501DF /* Service.swift */; };
		2709CA2227108B6C007501DF /* ServiceError.swift in Sources */ = {isa = PBXBuildFile; fileRef = 2709CA2127108B6C007501DF /* ServiceError.swift */; };
		2709CA2427108B8D007501DF /* ServiceClient.swift in Sources */ = {isa = PBXBuildFile; fileRef = 2709CA2327108B8D007501DF /* ServiceClient.swift */; };
		2709CA2627108BC3007501DF /* JsonDecodable.swift in Sources */ = {isa = PBXBuildFile; fileRef = 2709CA2527108BC3007501DF /* JsonDecodable.swift */; };
		2709CA2827108C22007501DF /* MockService.swift in Sources */ = {isa = PBXBuildFile; fileRef = 2709CA2727108C22007501DF /* MockService.swift */; };
		2709CA2C27108C9A007501DF /* CakeSuccessResponse.json in Resources */ = {isa = PBXBuildFile; fileRef = 2709CA2B27108C9A007501DF /* CakeSuccessResponse.json */; };
		2709CA2E27108CCD007501DF /* CakeFailureResponse.json in Resources */ = {isa = PBXBuildFile; fileRef = 2709CA2D27108CCD007501DF /* CakeFailureResponse.json */; };
		2709CA3027108E1E007501DF /* CakeViewModelTest.swift in Sources */ = {isa = PBXBuildFile; fileRef = 2709CA2F27108E1E007501DF /* CakeViewModelTest.swift */; };
		2709CA4327130144007501DF /* Cake.swift in Sources */ = {isa = PBXBuildFile; fileRef = 2709CA4227130144007501DF /* Cake.swift */; };
		2709CA45271303CA007501DF /* ImageCache.swift in Sources */ = {isa = PBXBuildFile; fileRef = 2709CA44271303CA007501DF /* ImageCache.swift */; };
		2709CA47271313D0007501DF /* ImageLoader.swift in Sources */ = {isa = PBXBuildFile; fileRef = 2709CA46271313D0007501DF /* ImageLoader.swift */; };
		2709CA49271364D2007501DF /* URLRequest+Extension.swift in Sources */ = {isa = PBXBuildFile; fileRef = 2709CA48271364D2007501DF /* URLRequest+Extension.swift */; };
		2709CA4B271364F3007501DF /* EndPoints.swift in Sources */ = {isa = PBXBuildFile; fileRef = 2709CA4A271364F3007501DF /* EndPoints.swift */; };
		2709CA4D27136527007501DF /* ServiceImpl.swift in Sources */ = {isa = PBXBuildFile; fileRef = 2709CA4C27136527007501DF /* ServiceImpl.swift */; };
		2709CA5027136559007501DF /* Constants.swift in Sources */ = {isa = PBXBuildFile; fileRef = 2709CA4F27136559007501DF /* Constants.swift */; };
		2709CA54271379F9007501DF /* CakeListViewModel.swift in Sources */ = {isa = PBXBuildFile; fileRef = 2709CA53271379F9007501DF /* CakeListViewModel.swift */; };
		2709CA5627137A83007501DF /* CakeListViewController.swift in Sources */ = {isa = PBXBuildFile; fileRef = 2709CA5527137A83007501DF /* CakeListViewController.swift */; };
		2709CA5827137ABE007501DF /* MainCoordinator.swift in Sources */ = {isa = PBXBuildFile; fileRef = 2709CA5727137ABE007501DF /* MainCoordinator.swift */; };
		2709CA5A27137BF3007501DF /* CakeTableViewCell.swift in Sources */ = {isa = PBXBuildFile; fileRef = 2709CA5927137BF3007501DF /* CakeTableViewCell.swift */; };
		2709CA5C2713A088007501DF /* CakeDetailsViewModel.swift in Sources */ = {isa = PBXBuildFile; fileRef = 2709CA5B2713A088007501DF /* CakeDetailsViewModel.swift */; };
		2709CA5E2713A0BA007501DF /* CakeDetailViewController.swift in Sources */ = {isa = PBXBuildFile; fileRef = 2709CA5D2713A0BA007501DF /* CakeDetailViewController.swift */; };
/* End PBXBuildFile section */

/* Begin PBXContainerItemProxy section */
		2709CA0227108A0B007501DF /* PBXContainerItemProxy */ = {
			isa = PBXContainerItemProxy;
			containerPortal = 2709C9E327108A05007501DF /* Project object */;
			proxyType = 1;
			remoteGlobalIDString = 2709C9EA27108A05007501DF;
			remoteInfo = CakeApp;
		};
		2709CA0C27108A0B007501DF /* PBXContainerItemProxy */ = {
			isa = PBXContainerItemProxy;
			containerPortal = 2709C9E327108A05007501DF /* Project object */;
			proxyType = 1;
			remoteGlobalIDString = 2709C9EA27108A05007501DF;
			remoteInfo = CakeApp;
		};
/* End PBXContainerItemProxy section */

/* Begin PBXFileReference section */
		2709C9EB27108A05007501DF /* CakeApp.app */ = {isa = PBXFileReference; explicitFileType = wrapper.application; includeInIndex = 0; path = CakeApp.app; sourceTree = BUILT_PRODUCTS_DIR; };
		2709C9EE27108A05007501DF /* AppDelegate.swift */ = {isa = PBXFileReference; lastKnownFileType = sourcecode.swift; path = AppDelegate.swift; sourceTree = "<group>"; };
		2709C9F027108A05007501DF /* SceneDelegate.swift */ = {isa = PBXFileReference; lastKnownFileType = sourcecode.swift; path = SceneDelegate.swift; sourceTree = "<group>"; };
		2709C9F227108A05007501DF /* ViewController.swift */ = {isa = PBXFileReference; lastKnownFileType = sourcecode.swift; path = ViewController.swift; sourceTree = "<group>"; };
		2709C9F527108A05007501DF /* Base */ = {isa = PBXFileReference; lastKnownFileType = file.storyboard; name = Base; path = Base.lproj/Main.storyboard; sourceTree = "<group>"; };
		2709C9F727108A0A007501DF /* Assets.xcassets */ = {isa = PBXFileReference; lastKnownFileType = folder.assetcatalog; path = Assets.xcassets; sourceTree = "<group>"; };
		2709C9FA27108A0A007501DF /* Base */ = {isa = PBXFileReference; lastKnownFileType = file.storyboard; name = Base; path = Base.lproj/LaunchScreen.storyboard; sourceTree = "<group>"; };
		2709C9FC27108A0A007501DF /* Info.plist */ = {isa = PBXFileReference; lastKnownFileType = text.plist.xml; path = Info.plist; sourceTree = "<group>"; };
		2709CA0127108A0B007501DF /* CakeAppTests.xctest */ = {isa = PBXFileReference; explicitFileType = wrapper.cfbundle; includeInIndex = 0; path = CakeAppTests.xctest; sourceTree = BUILT_PRODUCTS_DIR; };
		2709CA0527108A0B007501DF /* CakeAppTests.swift */ = {isa = PBXFileReference; lastKnownFileType = sourcecode.swift; path = CakeAppTests.swift; sourceTree = "<group>"; };
		2709CA0B27108A0B007501DF /* CakeAppUITests.xctest */ = {isa = PBXFileReference; explicitFileType = wrapper.cfbundle; includeInIndex = 0; path = CakeAppUITests.xctest; sourceTree = BUILT_PRODUCTS_DIR; };
		2709CA0F27108A0B007501DF /* CakeAppUITests.swift */ = {isa = PBXFileReference; lastKnownFileType = sourcecode.swift; path = CakeAppUITests.swift; sourceTree = "<group>"; };
		2709CA1F27108B2B007501DF /* Service.swift */ = {isa = PBXFileReference; lastKnownFileType = sourcecode.swift; path = Service.swift; sourceTree = SOURCE_ROOT; };
		2709CA2127108B6C007501DF /* ServiceError.swift */ = {isa = PBXFileReference; lastKnownFileType = sourcecode.swift; path = ServiceError.swift; sourceTree = "<group>"; };
		2709CA2327108B8D007501DF /* ServiceClient.swift */ = {isa = PBXFileReference; lastKnownFileType = sourcecode.swift; path = ServiceClient.swift; sourceTree = "<group>"; };
		2709CA2527108BC3007501DF /* JsonDecodable.swift */ = {isa = PBXFileReference; lastKnownFileType = sourcecode.swift; path = JsonDecodable.swift; sourceTree = "<group>"; };
		2709CA2727108C22007501DF /* MockService.swift */ = {isa = PBXFileReference; lastKnownFileType = sourcecode.swift; path = MockService.swift; sourceTree = "<group>"; };
		2709CA2B27108C9A007501DF /* CakeSuccessResponse.json */ = {isa = PBXFileReference; lastKnownFileType = text.json; path = CakeSuccessResponse.json; sourceTree = "<group>"; };
		2709CA2D27108CCD007501DF /* CakeFailureResponse.json */ = {isa = PBXFileReference; lastKnownFileType = text.json; path = CakeFailureResponse.json; sourceTree = "<group>"; };
		2709CA2F27108E1E007501DF /* CakeViewModelTest.swift */ = {isa = PBXFileReference; lastKnownFileType = sourcecode.swift; path = CakeViewModelTest.swift; sourceTree = "<group>"; };
		2709CA4227130144007501DF /* Cake.swift */ = {isa = PBXFileReference; lastKnownFileType = sourcecode.swift; path = Cake.swift; sourceTree = "<group>"; };
		2709CA44271303CA007501DF /* ImageCache.swift */ = {isa = PBXFileReference; lastKnownFileType = sourcecode.swift; path = ImageCache.swift; sourceTree = "<group>"; };
		2709CA46271313D0007501DF /* ImageLoader.swift */ = {isa = PBXFileReference; lastKnownFileType = sourcecode.swift; path = ImageLoader.swift; sourceTree = "<group>"; };
		2709CA48271364D2007501DF /* URLRequest+Extension.swift */ = {isa = PBXFileReference; lastKnownFileType = sourcecode.swift; path = "URLRequest+Extension.swift"; sourceTree = "<group>"; };
		2709CA4A271364F3007501DF /* EndPoints.swift */ = {isa = PBXFileReference; lastKnownFileType = sourcecode.swift; path = EndPoints.swift; sourceTree = "<group>"; };
		2709CA4C27136527007501DF /* ServiceImpl.swift */ = {isa = PBXFileReference; lastKnownFileType = sourcecode.swift; path = ServiceImpl.swift; sourceTree = "<group>"; };
		2709CA4F27136559007501DF /* Constants.swift */ = {isa = PBXFileReference; lastKnownFileType = sourcecode.swift; path = Constants.swift; sourceTree = "<group>"; };
		2709CA53271379F9007501DF /* CakeListViewModel.swift */ = {isa = PBXFileReference; lastKnownFileType = sourcecode.swift; path = CakeListViewModel.swift; sourceTree = "<group>"; };
		2709CA5527137A83007501DF /* CakeListViewController.swift */ = {isa = PBXFileReference; lastKnownFileType = sourcecode.swift; path = CakeListViewController.swift; sourceTree = "<group>"; };
		2709CA5727137ABE007501DF /* MainCoordinator.swift */ = {isa = PBXFileReference; lastKnownFileType = sourcecode.swift; path = MainCoordinator.swift; sourceTree = "<group>"; };
		2709CA5927137BF3007501DF /* CakeTableViewCell.swift */ = {isa = PBXFileReference; lastKnownFileType = sourcecode.swift; path = CakeTableViewCell.swift; sourceTree = "<group>"; };
		2709CA5B2713A088007501DF /* CakeDetailsViewModel.swift */ = {isa = PBXFileReference; lastKnownFileType = sourcecode.swift; path = CakeDetailsViewModel.swift; sourceTree = "<group>"; };
		2709CA5D2713A0BA007501DF /* CakeDetailViewController.swift */ = {isa = PBXFileReference; lastKnownFileType = sourcecode.swift; path = CakeDetailViewController.swift; sourceTree = "<group>"; };
/* End PBXFileReference section */

/* Begin PBXFrameworksBuildPhase section */
		2709C9E827108A05007501DF /* Frameworks */ = {
			isa = PBXFrameworksBuildPhase;
			buildActionMask = 2147483647;
			files = (
			);
			runOnlyForDeploymentPostprocessing = 0;
		};
		2709C9FE27108A0B007501DF /* Frameworks */ = {
			isa = PBXFrameworksBuildPhase;
			buildActionMask = 2147483647;
			files = (
			);
			runOnlyForDeploymentPostprocessing = 0;
		};
		2709CA0827108A0B007501DF /* Frameworks */ = {
			isa = PBXFrameworksBuildPhase;
			buildActionMask = 2147483647;
			files = (
			);
			runOnlyForDeploymentPostprocessing = 0;
		};
/* End PBXFrameworksBuildPhase section */

/* Begin PBXGroup section */
		2709C9E227108A05007501DF = {
			isa = PBXGroup;
			children = (
				2709C9ED27108A05007501DF /* CakeApp */,
				2709CA0427108A0B007501DF /* CakeAppTests */,
				2709CA0E27108A0B007501DF /* CakeAppUITests */,
				2709C9EC27108A05007501DF /* Products */,
			);
			sourceTree = "<group>";
		};
		2709C9EC27108A05007501DF /* Products */ = {
			isa = PBXGroup;
			children = (
				2709C9EB27108A05007501DF /* CakeApp.app */,
				2709CA0127108A0B007501DF /* CakeAppTests.xctest */,
				2709CA0B27108A0B007501DF /* CakeAppUITests.xctest */,
			);
			name = Products;
			sourceTree = "<group>";
		};
		2709C9ED27108A05007501DF /* CakeApp */ = {
			isa = PBXGroup;
			children = (
				2709CA4E27136548007501DF /* Utility */,
				2709CA412713012F007501DF /* Model */,
				2709CA40271300B8007501DF /* View */,
				2709CA3927130016007501DF /* ViewModel */,
				2709CA362712FFCC007501DF /* Coordinator */,
				2709CA1E27108B0A007501DF /* Networking */,
				2709C9EE27108A05007501DF /* AppDelegate.swift */,
				2709C9F027108A05007501DF /* SceneDelegate.swift */,
				2709C9F227108A05007501DF /* ViewController.swift */,
				2709C9F727108A0A007501DF /* Assets.xcassets */,
				2709C9F927108A0A007501DF /* LaunchScreen.storyboard */,
				2709C9FC27108A0A007501DF /* Info.plist */,
			);
			path = CakeApp;
			sourceTree = "<group>";
		};
		2709CA0427108A0B007501DF /* CakeAppTests */ = {
			isa = PBXGroup;
			children = (
				2709CA0527108A0B007501DF /* CakeAppTests.swift */,
				2709CA2727108C22007501DF /* MockService.swift */,
				2709CA2B27108C9A007501DF /* CakeSuccessResponse.json */,
				2709CA2D27108CCD007501DF /* CakeFailureResponse.json */,
				2709CA2F27108E1E007501DF /* CakeViewModelTest.swift */,
			);
			path = CakeAppTests;
			sourceTree = "<group>";
		};
		2709CA0E27108A0B007501DF /* CakeAppUITests */ = {
			isa = PBXGroup;
			children = (
				2709CA0F27108A0B007501DF /* CakeAppUITests.swift */,
			);
			path = CakeAppUITests;
			sourceTree = "<group>";
		};
		2709CA1E27108B0A007501DF /* Networking */ = {
			isa = PBXGroup;
			children = (
				2709CA1F27108B2B007501DF /* Service.swift */,
				2709CA2127108B6C007501DF /* ServiceError.swift */,
				2709CA2327108B8D007501DF /* ServiceClient.swift */,
				2709CA2527108BC3007501DF /* JsonDecodable.swift */,
				2709CA44271303CA007501DF /* ImageCache.swift */,
				2709CA46271313D0007501DF /* ImageLoader.swift */,
				2709CA48271364D2007501DF /* URLRequest+Extension.swift */,
				2709CA4A271364F3007501DF /* EndPoints.swift */,
				2709CA4C27136527007501DF /* ServiceImpl.swift */,
			);
			path = Networking;
			sourceTree = "<group>";
		};
		2709CA362712FFCC007501DF /* Coordinator */ = {
			isa = PBXGroup;
			children = (
				2709CA5727137ABE007501DF /* MainCoordinator.swift */,
			);
			path = Coordinator;
			sourceTree = "<group>";
		};
		2709CA3927130016007501DF /* ViewModel */ = {
			isa = PBXGroup;
			children = (
				2709CA53271379F9007501DF /* CakeListViewModel.swift */,
				2709CA5B2713A088007501DF /* CakeDetailsViewModel.swift */,
			);
			path = ViewModel;
			sourceTree = "<group>";
		};
		2709CA40271300B8007501DF /* View */ = {
			isa = PBXGroup;
			children = (
				2709C9F427108A05007501DF /* Main.storyboard */,
				2709CA5527137A83007501DF /* CakeListViewController.swift */,
				2709CA5927137BF3007501DF /* CakeTableViewCell.swift */,
				2709CA5D2713A0BA007501DF /* CakeDetailViewController.swift */,
			);
			path = View;
			sourceTree = "<group>";
		};
		2709CA412713012F007501DF /* Model */ = {
			isa = PBXGroup;
			children = (
				2709CA4227130144007501DF /* Cake.swift */,
			);
			path = Model;
			sourceTree = "<group>";
		};
		2709CA4E27136548007501DF /* Utility */ = {
			isa = PBXGroup;
			children = (
				2709CA4F27136559007501DF /* Constants.swift */,
			);
			path = Utility;
			sourceTree = "<group>";
		};
/* End PBXGroup section */

/* Begin PBXNativeTarget section */
		2709C9EA27108A05007501DF /* CakeApp */ = {
			isa = PBXNativeTarget;
			buildConfigurationList = 2709CA1527108A0B007501DF /* Build configuration list for PBXNativeTarget "CakeApp" */;
			buildPhases = (
				2709C9E727108A05007501DF /* Sources */,
				2709C9E827108A05007501DF /* Frameworks */,
				2709C9E927108A05007501DF /* Resources */,
			);
			buildRules = (
			);
			dependencies = (
			);
			name = CakeApp;
			productName = CakeApp;
			productReference = 2709C9EB27108A05007501DF /* CakeApp.app */;
			productType = "com.apple.product-type.application";
		};
		2709CA0027108A0B007501DF /* CakeAppTests */ = {
			isa = PBXNativeTarget;
			buildConfigurationList = 2709CA1827108A0B007501DF /* Build configuration list for PBXNativeTarget "CakeAppTests" */;
			buildPhases = (
				2709C9FD27108A0B007501DF /* Sources */,
				2709C9FE27108A0B007501DF /* Frameworks */,
				2709C9FF27108A0B007501DF /* Resources */,
			);
			buildRules = (
			);
			dependencies = (
				2709CA0327108A0B007501DF /* PBXTargetDependency */,
			);
			name = CakeAppTests;
			productName = CakeAppTests;
			productReference = 2709CA0127108A0B007501DF /* CakeAppTests.xctest */;
			productType = "com.apple.product-type.bundle.unit-test";
		};
		2709CA0A27108A0B007501DF /* CakeAppUITests */ = {
			isa = PBXNativeTarget;
			buildConfigurationList = 2709CA1B27108A0B007501DF /* Build configuration list for PBXNativeTarget "CakeAppUITests" */;
			buildPhases = (
				2709CA0727108A0B007501DF /* Sources */,
				2709CA0827108A0B007501DF /* Frameworks */,
				2709CA0927108A0B007501DF /* Resources */,
			);
			buildRules = (
			);
			dependencies = (
				2709CA0D27108A0B007501DF /* PBXTargetDependency */,
			);
			name = CakeAppUITests;
			productName = CakeAppUITests;
			productReference = 2709CA0B27108A0B007501DF /* CakeAppUITests.xctest */;
			productType = "com.apple.product-type.bundle.ui-testing";
		};
/* End PBXNativeTarget section */

/* Begin PBXProject section */
		2709C9E327108A05007501DF /* Project object */ = {
			isa = PBXProject;
			attributes = {
				BuildIndependentTargetsInParallel = 1;
				LastSwiftUpdateCheck = 1300;
				LastUpgradeCheck = 1300;
				TargetAttributes = {
					2709C9EA27108A05007501DF = {
						CreatedOnToolsVersion = 13.0;
					};
					2709CA0027108A0B007501DF = {
						CreatedOnToolsVersion = 13.0;
						TestTargetID = 2709C9EA27108A05007501DF;
					};
					2709CA0A27108A0B007501DF = {
						CreatedOnToolsVersion = 13.0;
						TestTargetID = 2709C9EA27108A05007501DF;
					};
				};
			};
			buildConfigurationList = 2709C9E627108A05007501DF /* Build configuration list for PBXProject "CakeApp" */;
			compatibilityVersion = "Xcode 13.0";
			developmentRegion = en;
			hasScannedForEncodings = 0;
			knownRegions = (
				en,
				Base,
			);
			mainGroup = 2709C9E227108A05007501DF;
			productRefGroup = 2709C9EC27108A05007501DF /* Products */;
			projectDirPath = "";
			projectRoot = "";
			targets = (
				2709C9EA27108A05007501DF /* CakeApp */,
				2709CA0027108A0B007501DF /* CakeAppTests */,
				2709CA0A27108A0B007501DF /* CakeAppUITests */,
			);
		};
/* End PBXProject section */

/* Begin PBXResourcesBuildPhase section */
		2709C9E927108A05007501DF /* Resources */ = {
			isa = PBXResourcesBuildPhase;
			buildActionMask = 2147483647;
			files = (
				2709C9FB27108A0A007501DF /* LaunchScreen.storyboard in Resources */,
				2709C9F827108A0A007501DF /* Assets.xcassets in Resources */,
				2709C9F627108A05007501DF /* Main.storyboard in Resources */,
			);
			runOnlyForDeploymentPostprocessing = 0;
		};
		2709C9FF27108A0B007501DF /* Resources */ = {
			isa = PBXResourcesBuildPhase;
			buildActionMask = 2147483647;
			files = (
				2709CA2C27108C9A007501DF /* CakeSuccessResponse.json in Resources */,
				2709CA2E27108CCD007501DF /* CakeFailureResponse.json in Resources */,
			);
			runOnlyForDeploymentPostprocessing = 0;
		};
		2709CA0927108A0B007501DF /* Resources */ = {
			isa = PBXResourcesBuildPhase;
			buildActionMask = 2147483647;
			files = (
			);
			runOnlyForDeploymentPostprocessing = 0;
		};
/* End PBXResourcesBuildPhase section */

/* Begin PBXSourcesBuildPhase section */
		2709C9E727108A05007501DF /* Sources */ = {
			isa = PBXSourcesBuildPhase;
			buildActionMask = 2147483647;
			files = (
				2709CA5827137ABE007501DF /* MainCoordinator.swift in Sources */,
				2709CA2227108B6C007501DF /* ServiceError.swift in Sources */,
				2709CA54271379F9007501DF /* CakeListViewModel.swift in Sources */,
				2709C9F327108A05007501DF /* ViewController.swift in Sources */,
				2709CA47271313D0007501DF /* ImageLoader.swift in Sources */,
				2709CA2027108B2B007501DF /* Service.swift in Sources */,
				2709CA45271303CA007501DF /* ImageCache.swift in Sources */,
				2709CA5C2713A088007501DF /* CakeDetailsViewModel.swift in Sources */,
				2709CA5627137A83007501DF /* CakeListViewController.swift in Sources */,
				2709CA4327130144007501DF /* Cake.swift in Sources */,
				2709CA2627108BC3007501DF /* JsonDecodable.swift in Sources */,
				2709CA5E2713A0BA007501DF /* CakeDetailViewController.swift in Sources */,
				2709CA4D27136527007501DF /* ServiceImpl.swift in Sources */,
				2709C9EF27108A05007501DF /* AppDelegate.swift in Sources */,
				2709CA2427108B8D007501DF /* ServiceClient.swift in Sources */,
				2709CA5A27137BF3007501DF /* CakeTableViewCell.swift in Sources */,
				2709CA49271364D2007501DF /* URLRequest+Extension.swift in Sources */,
				2709CA5027136559007501DF /* Constants.swift in Sources */,
				2709CA4B271364F3007501DF /* EndPoints.swift in Sources */,
				2709C9F127108A05007501DF /* SceneDelegate.swift in Sources */,
			);
			runOnlyForDeploymentPostprocessing = 0;
		};
		2709C9FD27108A0B007501DF /* Sources */ = {
			isa = PBXSourcesBuildPhase;
			buildActionMask = 2147483647;
			files = (
				2709CA0627108A0B007501DF /* CakeAppTests.swift in Sources */,
				2709CA3027108E1E007501DF /* CakeViewModelTest.swift in Sources */,
				2709CA2827108C22007501DF /* MockService.swift in Sources */,
			);
			runOnlyForDeploymentPostprocessing = 0;
		};
		2709CA0727108A0B007501DF /* Sources */ = {
			isa = PBXSourcesBuildPhase;
			buildActionMask = 2147483647;
			files = (
				2709CA1027108A0B007501DF /* CakeAppUITests.swift in Sources */,
			);
			runOnlyForDeploymentPostprocessing = 0;
		};
/* End PBXSourcesBuildPhase section */

/* Begin PBXTargetDependency section */
		2709CA0327108A0B007501DF /* PBXTargetDependency */ = {
			isa = PBXTargetDependency;
			target = 2709C9EA27108A05007501DF /* CakeApp */;
			targetProxy = 2709CA0227108A0B007501DF /* PBXContainerItemProxy */;
		};
		2709CA0D27108A0B007501DF /* PBXTargetDependency */ = {
			isa = PBXTargetDependency;
			target = 2709C9EA27108A05007501DF /* CakeApp */;
			targetProxy = 2709CA0C27108A0B007501DF /* PBXContainerItemProxy */;
		};
/* End PBXTargetDependency section */

/* Begin PBXVariantGroup section */
		2709C9F427108A05007501DF /* Main.storyboard */ = {
			isa = PBXVariantGroup;
			children = (
				2709C9F527108A05007501DF /* Base */,
			);
			name = Main.storyboard;
			sourceTree = "<group>";
		};
		2709C9F927108A0A007501DF /* LaunchScreen.storyboard */ = {
			isa = PBXVariantGroup;
			children = (
				2709C9FA27108A0A007501DF /* Base */,
			);
			name = LaunchScreen.storyboard;
			sourceTree = "<group>";
		};
/* End PBXVariantGroup section */

/* Begin XCBuildConfiguration section */
		2709CA1327108A0B007501DF /* Debug */ = {
			isa = XCBuildConfiguration;
			buildSettings = {
				ALWAYS_SEARCH_USER_PATHS = NO;
				CLANG_ANALYZER_NONNULL = YES;
				CLANG_ANALYZER_NUMBER_OBJECT_CONVERSION = YES_AGGRESSIVE;
				CLANG_CXX_LANGUAGE_STANDARD = "gnu++17";
				CLANG_CXX_LIBRARY = "libc++";
				CLANG_ENABLE_MODULES = YES;
				CLANG_ENABLE_OBJC_ARC = YES;
				CLANG_ENABLE_OBJC_WEAK = YES;
				CLANG_WARN_BLOCK_CAPTURE_AUTORELEASING = YES;
				CLANG_WARN_BOOL_CONVERSION = YES;
				CLANG_WARN_COMMA = YES;
				CLANG_WARN_CONSTANT_CONVERSION = YES;
				CLANG_WARN_DEPRECATED_OBJC_IMPLEMENTATIONS = YES;
				CLANG_WARN_DIRECT_OBJC_ISA_USAGE = YES_ERROR;
				CLANG_WARN_DOCUMENTATION_COMMENTS = YES;
				CLANG_WARN_EMPTY_BODY = YES;
				CLANG_WARN_ENUM_CONVERSION = YES;
				CLANG_WARN_INFINITE_RECURSION = YES;
				CLANG_WARN_INT_CONVERSION = YES;
				CLANG_WARN_NON_LITERAL_NULL_CONVERSION = YES;
				CLANG_WARN_OBJC_IMPLICIT_RETAIN_SELF = YES;
				CLANG_WARN_OBJC_LITERAL_CONVERSION = YES;
				CLANG_WARN_OBJC_ROOT_CLASS = YES_ERROR;
				CLANG_WARN_QUOTED_INCLUDE_IN_FRAMEWORK_HEADER = YES;
				CLANG_WARN_RANGE_LOOP_ANALYSIS = YES;
				CLANG_WARN_STRICT_PROTOTYPES = YES;
				CLANG_WARN_SUSPICIOUS_MOVE = YES;
				CLANG_WARN_UNGUARDED_AVAILABILITY = YES_AGGRESSIVE;
				CLANG_WARN_UNREACHABLE_CODE = YES;
				CLANG_WARN__DUPLICATE_METHOD_MATCH = YES;
				COPY_PHASE_STRIP = NO;
				DEBUG_INFORMATION_FORMAT = dwarf;
				ENABLE_STRICT_OBJC_MSGSEND = YES;
				ENABLE_TESTABILITY = YES;
				GCC_C_LANGUAGE_STANDARD = gnu11;
				GCC_DYNAMIC_NO_PIC = NO;
				GCC_NO_COMMON_BLOCKS = YES;
				GCC_OPTIMIZATION_LEVEL = 0;
				GCC_PREPROCESSOR_DEFINITIONS = (
					"DEBUG=1",
					"$(inherited)",
				);
				GCC_WARN_64_TO_32_BIT_CONVERSION = YES;
				GCC_WARN_ABOUT_RETURN_TYPE = YES_ERROR;
				GCC_WARN_UNDECLARED_SELECTOR = YES;
				GCC_WARN_UNINITIALIZED_AUTOS = YES_AGGRESSIVE;
				GCC_WARN_UNUSED_FUNCTION = YES;
				GCC_WARN_UNUSED_VARIABLE = YES;
				IPHONEOS_DEPLOYMENT_TARGET = 15.0;
				MTL_ENABLE_DEBUG_INFO = INCLUDE_SOURCE;
				MTL_FAST_MATH = YES;
				ONLY_ACTIVE_ARCH = YES;
				SDKROOT = iphoneos;
				SWIFT_ACTIVE_COMPILATION_CONDITIONS = DEBUG;
				SWIFT_OPTIMIZATION_LEVEL = "-Onone";
			};
			name = Debug;
		};
		2709CA1427108A0B007501DF /* Release */ = {
			isa = XCBuildConfiguration;
			buildSettings = {
				ALWAYS_SEARCH_USER_PATHS = NO;
				CLANG_ANALYZER_NONNULL = YES;
				CLANG_ANALYZER_NUMBER_OBJECT_CONVERSION = YES_AGGRESSIVE;
				CLANG_CXX_LANGUAGE_STANDARD = "gnu++17";
				CLANG_CXX_LIBRARY = "libc++";
				CLANG_ENABLE_MODULES = YES;
				CLANG_ENABLE_OBJC_ARC = YES;
				CLANG_ENABLE_OBJC_WEAK = YES;
				CLANG_WARN_BLOCK_CAPTURE_AUTORELEASING = YES;
				CLANG_WARN_BOOL_CONVERSION = YES;
				CLANG_WARN_COMMA = YES;
				CLANG_WARN_CONSTANT_CONVERSION = YES;
				CLANG_WARN_DEPRECATED_OBJC_IMPLEMENTATIONS = YES;
				CLANG_WARN_DIRECT_OBJC_ISA_USAGE = YES_ERROR;
				CLANG_WARN_DOCUMENTATION_COMMENTS = YES;
				CLANG_WARN_EMPTY_BODY = YES;
				CLANG_WARN_ENUM_CONVERSION = YES;
				CLANG_WARN_INFINITE_RECURSION = YES;
				CLANG_WARN_INT_CONVERSION = YES;
				CLANG_WARN_NON_LITERAL_NULL_CONVERSION = YES;
				CLANG_WARN_OBJC_IMPLICIT_RETAIN_SELF = YES;
				CLANG_WARN_OBJC_LITERAL_CONVERSION = YES;
				CLANG_WARN_OBJC_ROOT_CLASS = YES_ERROR;
				CLANG_WARN_QUOTED_INCLUDE_IN_FRAMEWORK_HEADER = YES;
				CLANG_WARN_RANGE_LOOP_ANALYSIS = YES;
				CLANG_WARN_STRICT_PROTOTYPES = YES;
				CLANG_WARN_SUSPICIOUS_MOVE = YES;
				CLANG_WARN_UNGUARDED_AVAILABILITY = YES_AGGRESSIVE;
				CLANG_WARN_UNREACHABLE_CODE = YES;
				CLANG_WARN__DUPLICATE_METHOD_MATCH = YES;
				COPY_PHASE_STRIP = NO;
				DEBUG_INFORMATION_FORMAT = "dwarf-with-dsym";
				ENABLE_NS_ASSERTIONS = NO;
				ENABLE_STRICT_OBJC_MSGSEND = YES;
				GCC_C_LANGUAGE_STANDARD = gnu11;
				GCC_NO_COMMON_BLOCKS = YES;
				GCC_WARN_64_TO_32_BIT_CONVERSION = YES;
				GCC_WARN_ABOUT_RETURN_TYPE = YES_ERROR;
				GCC_WARN_UNDECLARED_SELECTOR = YES;
				GCC_WARN_UNINITIALIZED_AUTOS = YES_AGGRESSIVE;
				GCC_WARN_UNUSED_FUNCTION = YES;
				GCC_WARN_UNUSED_VARIABLE = YES;
				IPHONEOS_DEPLOYMENT_TARGET = 15.0;
				MTL_ENABLE_DEBUG_INFO = NO;
				MTL_FAST_MATH = YES;
				SDKROOT = iphoneos;
				SWIFT_COMPILATION_MODE = wholemodule;
				SWIFT_OPTIMIZATION_LEVEL = "-O";
				VALIDATE_PRODUCT = YES;
			};
			name = Release;
		};
		2709CA1627108A0B007501DF /* Debug */ = {
			isa = XCBuildConfiguration;
			buildSettings = {
				ASSETCATALOG_COMPILER_APPICON_NAME = AppIcon;
				ASSETCATALOG_COMPILER_GLOBAL_ACCENT_COLOR_NAME = AccentColor;
				CODE_SIGN_STYLE = Automatic;
				CURRENT_PROJECT_VERSION = 1;
				DEVELOPMENT_TEAM = Q8QX4E8E8N;
				GENERATE_INFOPLIST_FILE = YES;
				INFOPLIST_FILE = CakeApp/Info.plist;
				INFOPLIST_KEY_UIApplicationSupportsIndirectInputEvents = YES;
				INFOPLIST_KEY_UILaunchStoryboardName = LaunchScreen;
				INFOPLIST_KEY_UISupportedInterfaceOrientations_iPad = "UIInterfaceOrientationPortrait UIInterfaceOrientationPortraitUpsideDown UIInterfaceOrientationLandscapeLeft UIInterfaceOrientationLandscapeRight";
				INFOPLIST_KEY_UISupportedInterfaceOrientations_iPhone = "UIInterfaceOrientationPortrait UIInterfaceOrientationLandscapeLeft UIInterfaceOrientationLandscapeRight";
				IPHONEOS_DEPLOYMENT_TARGET = 15.0;
				LD_RUNPATH_SEARCH_PATHS = (
					"$(inherited)",
					"@executable_path/Frameworks",
				);
				MARKETING_VERSION = 1.0;
				PRODUCT_BUNDLE_IDENTIFIER = mike.CakeApp;
				PRODUCT_NAME = "$(TARGET_NAME)";
				SWIFT_EMIT_LOC_STRINGS = YES;
				SWIFT_VERSION = 5.0;
				TARGETED_DEVICE_FAMILY = "1,2";
			};
			name = Debug;
		};
		2709CA1727108A0B007501DF /* Release */ = {
			isa = XCBuildConfiguration;
			buildSettings = {
				ASSETCATALOG_COMPILER_APPICON_NAME = AppIcon;
				ASSETCATALOG_COMPILER_GLOBAL_ACCENT_COLOR_NAME = AccentColor;
				CODE_SIGN_STYLE = Automatic;
				CURRENT_PROJECT_VERSION = 1;
				DEVELOPMENT_TEAM = Q8QX4E8E8N;
				GENERATE_INFOPLIST_FILE = YES;
				INFOPLIST_FILE = CakeApp/Info.plist;
				INFOPLIST_KEY_UIApplicationSupportsIndirectInputEvents = YES;
				INFOPLIST_KEY_UILaunchStoryboardName = LaunchScreen;
				INFOPLIST_KEY_UISupportedInterfaceOrientations_iPad = "UIInterfaceOrientationPortrait UIInterfaceOrientationPortraitUpsideDown UIInterfaceOrientationLandscapeLeft UIInterfaceOrientationLandscapeRight";
				INFOPLIST_KEY_UISupportedInterfaceOrientations_iPhone = "UIInterfaceOrientationPortrait UIInterfaceOrientationLandscapeLeft UIInterfaceOrientationLandscapeRight";
				IPHONEOS_DEPLOYMENT_TARGET = 15.0;
				LD_RUNPATH_SEARCH_PATHS = (
					"$(inherited)",
					"@executable_path/Frameworks",
				);
				MARKETING_VERSION = 1.0;
				PRODUCT_BUNDLE_IDENTIFIER = mike.CakeApp;
				PRODUCT_NAME = "$(TARGET_NAME)";
				SWIFT_EMIT_LOC_STRINGS = YES;
				SWIFT_VERSION = 5.0;
				TARGETED_DEVICE_FAMILY = "1,2";
			};
			name = Release;
		};
		2709CA1927108A0B007501DF /* Debug */ = {
			isa = XCBuildConfiguration;
			buildSettings = {
				ALWAYS_EMBED_SWIFT_STANDARD_LIBRARIES = YES;
				BUNDLE_LOADER = "$(TEST_HOST)";
				CODE_SIGN_STYLE = Automatic;
				CURRENT_PROJECT_VERSION = 1;
				DEVELOPMENT_TEAM = Q8QX4E8E8N;
				GENERATE_INFOPLIST_FILE = YES;
				IPHONEOS_DEPLOYMENT_TARGET = 15.0;
				LD_RUNPATH_SEARCH_PATHS = (
					"$(inherited)",
					"@executable_path/Frameworks",
					"@loader_path/Frameworks",
				);
				MARKETING_VERSION = 1.0;
				PRODUCT_BUNDLE_IDENTIFIER = mike.CakeAppTests;
				PRODUCT_NAME = "$(TARGET_NAME)";
				SWIFT_EMIT_LOC_STRINGS = NO;
				SWIFT_VERSION = 5.0;
				TARGETED_DEVICE_FAMILY = "1,2";
				TEST_HOST = "$(BUILT_PRODUCTS_DIR)/CakeApp.app/CakeApp";
			};
			name = Debug;
		};
		2709CA1A27108A0B007501DF /* Release */ = {
			isa = XCBuildConfiguration;
			buildSettings = {
				ALWAYS_EMBED_SWIFT_STANDARD_LIBRARIES = YES;
				BUNDLE_LOADER = "$(TEST_HOST)";
				CODE_SIGN_STYLE = Automatic;
				CURRENT_PROJECT_VERSION = 1;
				DEVELOPMENT_TEAM = Q8QX4E8E8N;
				GENERATE_INFOPLIST_FILE = YES;
				IPHONEOS_DEPLOYMENT_TARGET = 15.0;
				LD_RUNPATH_SEARCH_PATHS = (
					"$(inherited)",
					"@executable_path/Frameworks",
					"@loader_path/Frameworks",
				);
				MARKETING_VERSION = 1.0;
				PRODUCT_BUNDLE_IDENTIFIER = mike.CakeAppTests;
				PRODUCT_NAME = "$(TARGET_NAME)";
				SWIFT_EMIT_LOC_STRINGS = NO;
				SWIFT_VERSION = 5.0;
				TARGETED_DEVICE_FAMILY = "1,2";
				TEST_HOST = "$(BUILT_PRODUCTS_DIR)/CakeApp.app/CakeApp";
			};
			name = Release;
		};
		2709CA1C27108A0B007501DF /* Debug */ = {
			isa = XCBuildConfiguration;
			buildSettings = {
				ALWAYS_EMBED_SWIFT_STANDARD_LIBRARIES = YES;
				CODE_SIGN_STYLE = Automatic;
				CURRENT_PROJECT_VERSION = 1;
				DEVELOPMENT_TEAM = Q8QX4E8E8N;
				GENERATE_INFOPLIST_FILE = YES;
				LD_RUNPATH_SEARCH_PATHS = (
					"$(inherited)",
					"@executable_path/Frameworks",
					"@loader_path/Frameworks",
				);
				MARKETING_VERSION = 1.0;
				PRODUCT_BUNDLE_IDENTIFIER = mike.CakeAppUITests;
				PRODUCT_NAME = "$(TARGET_NAME)";
				SWIFT_EMIT_LOC_STRINGS = NO;
				SWIFT_VERSION = 5.0;
				TARGETED_DEVICE_FAMILY = "1,2";
				TEST_TARGET_NAME = CakeApp;
			};
			name = Debug;
		};
		2709CA1D27108A0B007501DF /* Release */ = {
			isa = XCBuildConfiguration;
			buildSettings = {
				ALWAYS_EMBED_SWIFT_STANDARD_LIBRARIES = YES;
				CODE_SIGN_STYLE = Automatic;
				CURRENT_PROJECT_VERSION = 1;
				DEVELOPMENT_TEAM = Q8QX4E8E8N;
				GENERATE_INFOPLIST_FILE = YES;
				LD_RUNPATH_SEARCH_PATHS = (
					"$(inherited)",
					"@executable_path/Frameworks",
					"@loader_path/Frameworks",
				);
				MARKETING_VERSION = 1.0;
				PRODUCT_BUNDLE_IDENTIFIER = mike.CakeAppUITests;
				PRODUCT_NAME = "$(TARGET_NAME)";
				SWIFT_EMIT_LOC_STRINGS = NO;
				SWIFT_VERSION = 5.0;
				TARGETED_DEVICE_FAMILY = "1,2";
				TEST_TARGET_NAME = CakeApp;
			};
			name = Release;
		};
/* End XCBuildConfiguration section */

/* Begin XCConfigurationList section */
		2709C9E627108A05007501DF /* Build configuration list for PBXProject "CakeApp" */ = {
			isa = XCConfigurationList;
			buildConfigurations = (
				2709CA1327108A0B007501DF /* Debug */,
				2709CA1427108A0B007501DF /* Release */,
			);
			defaultConfigurationIsVisible = 0;
			defaultConfigurationName = Release;
		};
		2709CA1527108A0B007501DF /* Build configuration list for PBXNativeTarget "CakeApp" */ = {
			isa = XCConfigurationList;
			buildConfigurations = (
				2709CA1627108A0B007501DF /* Debug */,
				2709CA1727108A0B007501DF /* Release */,
			);
			defaultConfigurationIsVisible = 0;
			defaultConfigurationName = Release;
		};
		2709CA1827108A0B007501DF /* Build configuration list for PBXNativeTarget "CakeAppTests" */ = {
			isa = XCConfigurationList;
			buildConfigurations = (
				2709CA1927108A0B007501DF /* Debug */,
				2709CA1A27108A0B007501DF /* Release */,
			);
			defaultConfigurationIsVisible = 0;
			defaultConfigurationName = Release;
		};
		2709CA1B27108A0B007501DF /* Build configuration list for PBXNativeTarget "CakeAppUITests" */ = {
			isa = XCConfigurationList;
			buildConfigurations = (
				2709CA1C27108A0B007501DF /* Debug */,
				2709CA1D27108A0B007501DF /* Release */,
			);
			defaultConfigurationIsVisible = 0;
			defaultConfigurationName = Release;
		};
/* End XCConfigurationList section */
	};
	rootObject = 2709C9E327108A05007501DF /* Project object */;
}
